// !$*UTF8*$!
{
	archiveVersion = 1;
	classes = {
	};
	objectVersion = 56;
	objects = {

/* Begin PBXBuildFile section */
		0018F1822A37A54E00843D43 /* TabBar.swift in Sources */ = {isa = PBXBuildFile; fileRef = 0018F1812A37A54E00843D43 /* TabBar.swift */; };
		0064051C2A30E89C008FA83F /* Inter-Regular.ttf in Resources */ = {isa = PBXBuildFile; fileRef = 006405192A30E89C008FA83F /* Inter-Regular.ttf */; };
		0064051D2A30E89C008FA83F /* Poppins-Bold.ttf in Resources */ = {isa = PBXBuildFile; fileRef = 0064051A2A30E89C008FA83F /* Poppins-Bold.ttf */; };
		0064051E2A30E89C008FA83F /* Inter-SemiBold.ttf in Resources */ = {isa = PBXBuildFile; fileRef = 0064051B2A30E89C008FA83F /* Inter-SemiBold.ttf */; };
		006405212A30EBFD008FA83F /* CustomFont.swift in Sources */ = {isa = PBXBuildFile; fileRef = 006405202A30EBFD008FA83F /* CustomFont.swift */; };
		006405232A30F100008FA83F /* SignInView.swift in Sources */ = {isa = PBXBuildFile; fileRef = 006405222A30F100008FA83F /* SignInView.swift */; };
		006405252A30F470008FA83F /* CustomTextField.swift in Sources */ = {isa = PBXBuildFile; fileRef = 006405242A30F470008FA83F /* CustomTextField.swift */; };
		006405272A30F5FA008FA83F /* Extensions.swift in Sources */ = {isa = PBXBuildFile; fileRef = 006405262A30F5FA008FA83F /* Extensions.swift */; };
		0085A4FF2A26F6BF00C4EDD0 /* AnimatedApp.swift in Sources */ = {isa = PBXBuildFile; fileRef = 0085A4FE2A26F6BF00C4EDD0 /* AnimatedApp.swift */; };
		0085A5012A26F6BF00C4EDD0 /* ContentView.swift in Sources */ = {isa = PBXBuildFile; fileRef = 0085A5002A26F6BF00C4EDD0 /* ContentView.swift */; };
		0085A5032A26F6C000C4EDD0 /* Assets.xcassets in Resources */ = {isa = PBXBuildFile; fileRef = 0085A5022A26F6C000C4EDD0 /* Assets.xcassets */; };
		0085A5062A26F6C000C4EDD0 /* Preview Assets.xcassets in Resources */ = {isa = PBXBuildFile; fileRef = 0085A5052A26F6C000C4EDD0 /* Preview Assets.xcassets */; };
		0085A5142A26F74C00C4EDD0 /* house.riv in Resources */ = {isa = PBXBuildFile; fileRef = 0085A50D2A26F74C00C4EDD0 /* house.riv */; };
		0085A5152A26F74C00C4EDD0 /* confetti.riv in Resources */ = {isa = PBXBuildFile; fileRef = 0085A50E2A26F74C00C4EDD0 /* confetti.riv */; };
		0085A5162A26F74C00C4EDD0 /* check.riv in Resources */ = {isa = PBXBuildFile; fileRef = 0085A50F2A26F74C00C4EDD0 /* check.riv */; };
		0085A5172A26F74C00C4EDD0 /* menu_button.riv in Resources */ = {isa = PBXBuildFile; fileRef = 0085A5102A26F74C00C4EDD0 /* menu_button.riv */; };
		0085A5192A26F74C00C4EDD0 /* button.riv in Resources */ = {isa = PBXBuildFile; fileRef = 0085A5122A26F74C00C4EDD0 /* button.riv */; };
		0085A51A2A26F74C00C4EDD0 /* icons.riv in Resources */ = {isa = PBXBuildFile; fileRef = 0085A5132A26F74C00C4EDD0 /* icons.riv */; };
		0085A51D2A26FA5600C4EDD0 /* RiveRuntime in Frameworks */ = {isa = PBXBuildFile; productRef = 0085A51C2A26FA5600C4EDD0 /* RiveRuntime */; };
		0085A51F2A26FA7800C4EDD0 /* OnboardingView.swift in Sources */ = {isa = PBXBuildFile; fileRef = 0085A51E2A26FA7800C4EDD0 /* OnboardingView.swift */; };
		0085A5232A27063700C4EDD0 /* shapes.riv in Resources */ = {isa = PBXBuildFile; fileRef = 0085A5222A27063700C4EDD0 /* shapes.riv */; };
		00C5EFF52A3A1A1C0035D774 /* SideMenu.swift in Sources */ = {isa = PBXBuildFile; fileRef = 00C5EFF42A3A1A1C0035D774 /* SideMenu.swift */; };
		00C5EFF72A3A21340035D774 /* MenuRow.swift in Sources */ = {isa = PBXBuildFile; fileRef = 00C5EFF62A3A21340035D774 /* MenuRow.swift */; };
		00FA25622A39014A002FD9C5 /* CourseSection.swift in Sources */ = {isa = PBXBuildFile; fileRef = 00FA25602A39014A002FD9C5 /* CourseSection.swift */; };
		00FA25632A39014A002FD9C5 /* Course.swift in Sources */ = {isa = PBXBuildFile; fileRef = 00FA25612A39014A002FD9C5 /* Course.swift */; };
		00FA25652A390189002FD9C5 /* VCard.swift in Sources */ = {isa = PBXBuildFile; fileRef = 00FA25642A390189002FD9C5 /* VCard.swift */; };
		00FA25672A3904CA002FD9C5 /* HCard.swift in Sources */ = {isa = PBXBuildFile; fileRef = 00FA25662A3904CA002FD9C5 /* HCard.swift */; };
		00FA25692A39055F002FD9C5 /* HomeView.swift in Sources */ = {isa = PBXBuildFile; fileRef = 00FA25682A39055F002FD9C5 /* HomeView.swift */; };
/* End PBXBuildFile section */

/* Begin PBXFileReference section */
		0018F1812A37A54E00843D43 /* TabBar.swift */ = {isa = PBXFileReference; lastKnownFileType = sourcecode.swift; path = TabBar.swift; sourceTree = "<group>"; };
		006405192A30E89C008FA83F /* Inter-Regular.ttf */ = {isa = PBXFileReference; lastKnownFileType = file; path = "Inter-Regular.ttf"; sourceTree = "<group>"; };
		0064051A2A30E89C008FA83F /* Poppins-Bold.ttf */ = {isa = PBXFileReference; lastKnownFileType = file; path = "Poppins-Bold.ttf"; sourceTree = "<group>"; };
		0064051B2A30E89C008FA83F /* Inter-SemiBold.ttf */ = {isa = PBXFileReference; lastKnownFileType = file; path = "Inter-SemiBold.ttf"; sourceTree = "<group>"; };
		0064051F2A30E932008FA83F /* Info.plist */ = {isa = PBXFileReference; lastKnownFileType = text.plist; path = Info.plist; sourceTree = "<group>"; };
		006405202A30EBFD008FA83F /* CustomFont.swift */ = {isa = PBXFileReference; lastKnownFileType = sourcecode.swift; path = CustomFont.swift; sourceTree = "<group>"; };
		006405222A30F100008FA83F /* SignInView.swift */ = {isa = PBXFileReference; lastKnownFileType = sourcecode.swift; path = SignInView.swift; sourceTree = "<group>"; };
		006405242A30F470008FA83F /* CustomTextField.swift */ = {isa = PBXFileReference; lastKnownFileType = sourcecode.swift; path = CustomTextField.swift; sourceTree = "<group>"; };
		006405262A30F5FA008FA83F /* Extensions.swift */ = {isa = PBXFileReference; lastKnownFileType = sourcecode.swift; path = Extensions.swift; sourceTree = "<group>"; };
		0085A4FB2A26F6BF00C4EDD0 /* Animated.app */ = {isa = PBXFileReference; explicitFileType = wrapper.application; includeInIndex = 0; path = Animated.app; sourceTree = BUILT_PRODUCTS_DIR; };
		0085A4FE2A26F6BF00C4EDD0 /* AnimatedApp.swift */ = {isa = PBXFileReference; lastKnownFileType = sourcecode.swift; path = AnimatedApp.swift; sourceTree = "<group>"; };
		0085A5002A26F6BF00C4EDD0 /* ContentView.swift */ = {isa = PBXFileReference; lastKnownFileType = sourcecode.swift; path = ContentView.swift; sourceTree = "<group>"; };
		0085A5022A26F6C000C4EDD0 /* Assets.xcassets */ = {isa = PBXFileReference; lastKnownFileType = folder.assetcatalog; path = Assets.xcassets; sourceTree = "<group>"; };
		0085A5052A26F6C000C4EDD0 /* Preview Assets.xcassets */ = {isa = PBXFileReference; lastKnownFileType = folder.assetcatalog; path = "Preview Assets.xcassets"; sourceTree = "<group>"; };
		0085A50D2A26F74C00C4EDD0 /* house.riv */ = {isa = PBXFileReference; lastKnownFileType = file; path = house.riv; sourceTree = "<group>"; };
		0085A50E2A26F74C00C4EDD0 /* confetti.riv */ = {isa = PBXFileReference; lastKnownFileType = file; path = confetti.riv; sourceTree = "<group>"; };
		0085A50F2A26F74C00C4EDD0 /* check.riv */ = {isa = PBXFileReference; lastKnownFileType = file; path = check.riv; sourceTree = "<group>"; };
		0085A5102A26F74C00C4EDD0 /* menu_button.riv */ = {isa = PBXFileReference; lastKnownFileType = file; path = menu_button.riv; sourceTree = "<group>"; };
		0085A5122A26F74C00C4EDD0 /* button.riv */ = {isa = PBXFileReference; lastKnownFileType = file; path = button.riv; sourceTree = "<group>"; };
		0085A5132A26F74C00C4EDD0 /* icons.riv */ = {isa = PBXFileReference; lastKnownFileType = file; path = icons.riv; sourceTree = "<group>"; };
		0085A51E2A26FA7800C4EDD0 /* OnboardingView.swift */ = {isa = PBXFileReference; lastKnownFileType = sourcecode.swift; path = OnboardingView.swift; sourceTree = "<group>"; };
		0085A5222A27063700C4EDD0 /* shapes.riv */ = {isa = PBXFileReference; lastKnownFileType = file; path = shapes.riv; sourceTree = "<group>"; };
		00C5EFF42A3A1A1C0035D774 /* SideMenu.swift */ = {isa = PBXFileReference; lastKnownFileType = sourcecode.swift; path = SideMenu.swift; sourceTree = "<group>"; };
		00C5EFF62A3A21340035D774 /* MenuRow.swift */ = {isa = PBXFileReference; lastKnownFileType = sourcecode.swift; path = MenuRow.swift; sourceTree = "<group>"; };
		00FA25602A39014A002FD9C5 /* CourseSection.swift */ = {isa = PBXFileReference; fileEncoding = 4; lastKnownFileType = sourcecode.swift; path = CourseSection.swift; sourceTree = "<group>"; };
		00FA25612A39014A002FD9C5 /* Course.swift */ = {isa = PBXFileReference; fileEncoding = 4; lastKnownFileType = sourcecode.swift; path = Course.swift; sourceTree = "<group>"; };
		00FA25642A390189002FD9C5 /* VCard.swift */ = {isa = PBXFileReference; lastKnownFileType = sourcecode.swift; path = VCard.swift; sourceTree = "<group>"; };
		00FA25662A3904CA002FD9C5 /* HCard.swift */ = {isa = PBXFileReference; lastKnownFileType = sourcecode.swift; path = HCard.swift; sourceTree = "<group>"; };
		00FA25682A39055F002FD9C5 /* HomeView.swift */ = {isa = PBXFileReference; lastKnownFileType = sourcecode.swift; path = HomeView.swift; sourceTree = "<group>"; };
/* End PBXFileReference section */

/* Begin PBXFrameworksBuildPhase section */
		0085A4F82A26F6BF00C4EDD0 /* Frameworks */ = {
			isa = PBXFrameworksBuildPhase;
			buildActionMask = 2147483647;
			files = (
				0085A51D2A26FA5600C4EDD0 /* RiveRuntime in Frameworks */,
			);
			runOnlyForDeploymentPostprocessing = 0;
		};
/* End PBXFrameworksBuildPhase section */

/* Begin PBXGroup section */
		0018F17F2A37A37900843D43 /* Views */ = {
			isa = PBXGroup;
			children = (
				0085A51E2A26FA7800C4EDD0 /* OnboardingView.swift */,
				006405222A30F100008FA83F /* SignInView.swift */,
				00FA25682A39055F002FD9C5 /* HomeView.swift */,
			);
			path = Views;
			sourceTree = "<group>";
		};
		0018F1802A37A38400843D43 /* Styles */ = {
			isa = PBXGroup;
			children = (
				006405262A30F5FA008FA83F /* Extensions.swift */,
				006405242A30F470008FA83F /* CustomTextField.swift */,
				006405202A30EBFD008FA83F /* CustomFont.swift */,
			);
			path = Styles;
			sourceTree = "<group>";
		};
		006405182A30E89C008FA83F /* Fonts */ = {
			isa = PBXGroup;
			children = (
				006405192A30E89C008FA83F /* Inter-Regular.ttf */,
				0064051A2A30E89C008FA83F /* Poppins-Bold.ttf */,
				0064051B2A30E89C008FA83F /* Inter-SemiBold.ttf */,
			);
			path = Fonts;
			sourceTree = "<group>";
		};
		0085A4F22A26F6BF00C4EDD0 = {
			isa = PBXGroup;
			children = (
				0085A4FD2A26F6BF00C4EDD0 /* Animated */,
				0085A4FC2A26F6BF00C4EDD0 /* Products */,
			);
			sourceTree = "<group>";
		};
		0085A4FC2A26F6BF00C4EDD0 /* Products */ = {
			isa = PBXGroup;
			children = (
				0085A4FB2A26F6BF00C4EDD0 /* Animated.app */,
			);
			name = Products;
			sourceTree = "<group>";
		};
		0085A4FD2A26F6BF00C4EDD0 /* Animated */ = {
			isa = PBXGroup;
			children = (
				0064051F2A30E932008FA83F /* Info.plist */,
				0085A4FE2A26F6BF00C4EDD0 /* AnimatedApp.swift */,
				00C5EFF92A3A2EAD0035D774 /* Navigation */,
				00C5EFF82A3A2E870035D774 /* Components */,
				0018F17F2A37A37900843D43 /* Views */,
				0018F1802A37A38400843D43 /* Styles */,
				00FA255F2A39014A002FD9C5 /* Model */,
				0085A5022A26F6C000C4EDD0 /* Assets.xcassets */,
				006405182A30E89C008FA83F /* Fonts */,
				0085A50C2A26F74C00C4EDD0 /* RiveAssets */,
				0085A5042A26F6C000C4EDD0 /* Preview Content */,
			);
			path = Animated;
			sourceTree = "<group>";
		};
		0085A5042A26F6C000C4EDD0 /* Preview Content */ = {
			isa = PBXGroup;
			children = (
				0085A5052A26F6C000C4EDD0 /* Preview Assets.xcassets */,
			);
			path = "Preview Content";
			sourceTree = "<group>";
		};
		0085A50C2A26F74C00C4EDD0 /* RiveAssets */ = {
			isa = PBXGroup;
			children = (
				0085A50D2A26F74C00C4EDD0 /* house.riv */,
				0085A50E2A26F74C00C4EDD0 /* confetti.riv */,
				0085A5222A27063700C4EDD0 /* shapes.riv */,
				0085A50F2A26F74C00C4EDD0 /* check.riv */,
				0085A5102A26F74C00C4EDD0 /* menu_button.riv */,
				0085A5122A26F74C00C4EDD0 /* button.riv */,
				0085A5132A26F74C00C4EDD0 /* icons.riv */,
			);
			path = RiveAssets;
			sourceTree = "<group>";
		};
		00C5EFF82A3A2E870035D774 /* Components */ = {
			isa = PBXGroup;
			children = (
				00C5EFF62A3A21340035D774 /* MenuRow.swift */,
				00FA25642A390189002FD9C5 /* VCard.swift */,
				00FA25662A3904CA002FD9C5 /* HCard.swift */,
			);
			path = Components;
			sourceTree = "<group>";
		};
		00C5EFF92A3A2EAD0035D774 /* Navigation */ = {
			isa = PBXGroup;
			children = (
				0085A5002A26F6BF00C4EDD0 /* ContentView.swift */,
				00C5EFF42A3A1A1C0035D774 /* SideMenu.swift */,
				0018F1812A37A54E00843D43 /* TabBar.swift */,
			);
			path = Navigation;
			sourceTree = "<group>";
		};
		00FA255F2A39014A002FD9C5 /* Model */ = {
			isa = PBXGroup;
			children = (
				00FA25602A39014A002FD9C5 /* CourseSection.swift */,
				00FA25612A39014A002FD9C5 /* Course.swift */,
			);
			path = Model;
			sourceTree = "<group>";
		};
/* End PBXGroup section */

/* Begin PBXNativeTarget section */
		0085A4FA2A26F6BF00C4EDD0 /* Animated */ = {
			isa = PBXNativeTarget;
			buildConfigurationList = 0085A5092A26F6C000C4EDD0 /* Build configuration list for PBXNativeTarget "Animated" */;
			buildPhases = (
				0085A4F72A26F6BF00C4EDD0 /* Sources */,
				0085A4F82A26F6BF00C4EDD0 /* Frameworks */,
				0085A4F92A26F6BF00C4EDD0 /* Resources */,
			);
			buildRules = (
			);
			dependencies = (
			);
			name = Animated;
			packageProductDependencies = (
				0085A51C2A26FA5600C4EDD0 /* RiveRuntime */,
			);
			productName = Animated;
			productReference = 0085A4FB2A26F6BF00C4EDD0 /* Animated.app */;
			productType = "com.apple.product-type.application";
		};
/* End PBXNativeTarget section */

/* Begin PBXProject section */
		0085A4F32A26F6BF00C4EDD0 /* Project object */ = {
			isa = PBXProject;
			attributes = {
				BuildIndependentTargetsInParallel = 1;
				LastSwiftUpdateCheck = 1430;
				LastUpgradeCheck = 1430;
				TargetAttributes = {
					0085A4FA2A26F6BF00C4EDD0 = {
						CreatedOnToolsVersion = 14.3;
					};
				};
			};
			buildConfigurationList = 0085A4F62A26F6BF00C4EDD0 /* Build configuration list for PBXProject "Animated" */;
			compatibilityVersion = "Xcode 14.0";
			developmentRegion = en;
			hasScannedForEncodings = 0;
			knownRegions = (
				en,
				Base,
			);
			mainGroup = 0085A4F22A26F6BF00C4EDD0;
			packageReferences = (
				0085A51B2A26FA5500C4EDD0 /* XCRemoteSwiftPackageReference "rive-ios" */,
			);
			productRefGroup = 0085A4FC2A26F6BF00C4EDD0 /* Products */;
			projectDirPath = "";
			projectRoot = "";
			targets = (
				0085A4FA2A26F6BF00C4EDD0 /* Animated */,
			);
		};
/* End PBXProject section */

/* Begin PBXResourcesBuildPhase section */
		0085A4F92A26F6BF00C4EDD0 /* Resources */ = {
			isa = PBXResourcesBuildPhase;
			buildActionMask = 2147483647;
			files = (
				0064051E2A30E89C008FA83F /* Inter-SemiBold.ttf in Resources */,
				0085A5162A26F74C00C4EDD0 /* check.riv in Resources */,
				0085A5062A26F6C000C4EDD0 /* Preview Assets.xcassets in Resources */,
				0085A5172A26F74C00C4EDD0 /* menu_button.riv in Resources */,
				0085A5142A26F74C00C4EDD0 /* house.riv in Resources */,
				0085A5232A27063700C4EDD0 /* shapes.riv in Resources */,
				0085A5192A26F74C00C4EDD0 /* button.riv in Resources */,
				0064051C2A30E89C008FA83F /* Inter-Regular.ttf in Resources */,
				0064051D2A30E89C008FA83F /* Poppins-Bold.ttf in Resources */,
				0085A5032A26F6C000C4EDD0 /* Assets.xcassets in Resources */,
				0085A5152A26F74C00C4EDD0 /* confetti.riv in Resources */,
				0085A51A2A26F74C00C4EDD0 /* icons.riv in Resources */,
			);
			runOnlyForDeploymentPostprocessing = 0;
		};
/* End PBXResourcesBuildPhase section */

/* Begin PBXSourcesBuildPhase section */
		0085A4F72A26F6BF00C4EDD0 /* Sources */ = {
			isa = PBXSourcesBuildPhase;
			buildActionMask = 2147483647;
			files = (
				00FA25672A3904CA002FD9C5 /* HCard.swift in Sources */,
				0085A51F2A26FA7800C4EDD0 /* OnboardingView.swift in Sources */,
				00FA25692A39055F002FD9C5 /* HomeView.swift in Sources */,
				00C5EFF52A3A1A1C0035D774 /* SideMenu.swift in Sources */,
				006405212A30EBFD008FA83F /* CustomFont.swift in Sources */,
				00FA25632A39014A002FD9C5 /* Course.swift in Sources */,
				006405252A30F470008FA83F /* CustomTextField.swift in Sources */,
				0018F1822A37A54E00843D43 /* TabBar.swift in Sources */,
				00FA25652A390189002FD9C5 /* VCard.swift in Sources */,
				0085A5012A26F6BF00C4EDD0 /* ContentView.swift in Sources */,
				0085A4FF2A26F6BF00C4EDD0 /* AnimatedApp.swift in Sources */,
				006405232A30F100008FA83F /* SignInView.swift in Sources */,
				00FA25622A39014A002FD9C5 /* CourseSection.swift in Sources */,
				006405272A30F5FA008FA83F /* Extensions.swift in Sources */,
				00C5EFF72A3A21340035D774 /* MenuRow.swift in Sources */,
			);
			runOnlyForDeploymentPostprocessing = 0;
		};
/* End PBXSourcesBuildPhase section */

/* Begin XCBuildConfiguration section */
		0085A5072A26F6C000C4EDD0 /* Debug */ = {
			isa = XCBuildConfiguration;
			buildSettings = {
				ALWAYS_SEARCH_USER_PATHS = NO;
				CLANG_ANALYZER_NONNULL = YES;
				CLANG_ANALYZER_NUMBER_OBJECT_CONVERSION = YES_AGGRESSIVE;
				CLANG_CXX_LANGUAGE_STANDARD = "gnu++20";
				CLANG_ENABLE_MODULES = YES;
				CLANG_ENABLE_OBJC_ARC = YES;
				CLANG_ENABLE_OBJC_WEAK = YES;
				CLANG_WARN_BLOCK_CAPTURE_AUTORELEASING = YES;
				CLANG_WARN_BOOL_CONVERSION = YES;
				CLANG_WARN_COMMA = YES;
				CLANG_WARN_CONSTANT_CONVERSION = YES;
				CLANG_WARN_DEPRECATED_OBJC_IMPLEMENTATIONS = YES;
				CLANG_WARN_DIRECT_OBJC_ISA_USAGE = YES_ERROR;
				CLANG_WARN_DOCUMENTATION_COMMENTS = YES;
				CLANG_WARN_EMPTY_BODY = YES;
				CLANG_WARN_ENUM_CONVERSION = YES;
				CLANG_WARN_INFINITE_RECURSION = YES;
				CLANG_WARN_INT_CONVERSION = YES;
				CLANG_WARN_NON_LITERAL_NULL_CONVERSION = YES;
				CLANG_WARN_OBJC_IMPLICIT_RETAIN_SELF = YES;
				CLANG_WARN_OBJC_LITERAL_CONVERSION = YES;
				CLANG_WARN_OBJC_ROOT_CLASS = YES_ERROR;
				CLANG_WARN_QUOTED_INCLUDE_IN_FRAMEWORK_HEADER = YES;
				CLANG_WARN_RANGE_LOOP_ANALYSIS = YES;
				CLANG_WARN_STRICT_PROTOTYPES = YES;
				CLANG_WARN_SUSPICIOUS_MOVE = YES;
				CLANG_WARN_UNGUARDED_AVAILABILITY = YES_AGGRESSIVE;
				CLANG_WARN_UNREACHABLE_CODE = YES;
				CLANG_WARN__DUPLICATE_METHOD_MATCH = YES;
				COPY_PHASE_STRIP = NO;
				DEBUG_INFORMATION_FORMAT = dwarf;
				ENABLE_STRICT_OBJC_MSGSEND = YES;
				ENABLE_TESTABILITY = YES;
				GCC_C_LANGUAGE_STANDARD = gnu11;
				GCC_DYNAMIC_NO_PIC = NO;
				GCC_NO_COMMON_BLOCKS = YES;
				GCC_OPTIMIZATION_LEVEL = 0;
				GCC_PREPROCESSOR_DEFINITIONS = (
					"DEBUG=1",
					"$(inherited)",
				);
				GCC_WARN_64_TO_32_BIT_CONVERSION = YES;
				GCC_WARN_ABOUT_RETURN_TYPE = YES_ERROR;
				GCC_WARN_UNDECLARED_SELECTOR = YES;
				GCC_WARN_UNINITIALIZED_AUTOS = YES_AGGRESSIVE;
				GCC_WARN_UNUSED_FUNCTION = YES;
				GCC_WARN_UNUSED_VARIABLE = YES;
				IPHONEOS_DEPLOYMENT_TARGET = 16.4;
				MTL_ENABLE_DEBUG_INFO = INCLUDE_SOURCE;
				MTL_FAST_MATH = YES;
				ONLY_ACTIVE_ARCH = YES;
				SDKROOT = iphoneos;
				SWIFT_ACTIVE_COMPILATION_CONDITIONS = DEBUG;
				SWIFT_OPTIMIZATION_LEVEL = "-Onone";
			};
			name = Debug;
		};
		0085A5082A26F6C000C4EDD0 /* Release */ = {
			isa = XCBuildConfiguration;
			buildSettings = {
				ALWAYS_SEARCH_USER_PATHS = NO;
				CLANG_ANALYZER_NONNULL = YES;
				CLANG_ANALYZER_NUMBER_OBJECT_CONVERSION = YES_AGGRESSIVE;
				CLANG_CXX_LANGUAGE_STANDARD = "gnu++20";
				CLANG_ENABLE_MODULES = YES;
				CLANG_ENABLE_OBJC_ARC = YES;
				CLANG_ENABLE_OBJC_WEAK = YES;
				CLANG_WARN_BLOCK_CAPTURE_AUTORELEASING = YES;
				CLANG_WARN_BOOL_CONVERSION = YES;
				CLANG_WARN_COMMA = YES;
				CLANG_WARN_CONSTANT_CONVERSION = YES;
				CLANG_WARN_DEPRECATED_OBJC_IMPLEMENTATIONS = YES;
				CLANG_WARN_DIRECT_OBJC_ISA_USAGE = YES_ERROR;
				CLANG_WARN_DOCUMENTATION_COMMENTS = YES;
				CLANG_WARN_EMPTY_BODY = YES;
				CLANG_WARN_ENUM_CONVERSION = YES;
				CLANG_WARN_INFINITE_RECURSION = YES;
				CLANG_WARN_INT_CONVERSION = YES;
				CLANG_WARN_NON_LITERAL_NULL_CONVERSION = YES;
				CLANG_WARN_OBJC_IMPLICIT_RETAIN_SELF = YES;
				CLANG_WARN_OBJC_LITERAL_CONVERSION = YES;
				CLANG_WARN_OBJC_ROOT_CLASS = YES_ERROR;
				CLANG_WARN_QUOTED_INCLUDE_IN_FRAMEWORK_HEADER = YES;
				CLANG_WARN_RANGE_LOOP_ANALYSIS = YES;
				CLANG_WARN_STRICT_PROTOTYPES = YES;
				CLANG_WARN_SUSPICIOUS_MOVE = YES;
				CLANG_WARN_UNGUARDED_AVAILABILITY = YES_AGGRESSIVE;
				CLANG_WARN_UNREACHABLE_CODE = YES;
				CLANG_WARN__DUPLICATE_METHOD_MATCH = YES;
				COPY_PHASE_STRIP = NO;
				DEBUG_INFORMATION_FORMAT = "dwarf-with-dsym";
				ENABLE_NS_ASSERTIONS = NO;
				ENABLE_STRICT_OBJC_MSGSEND = YES;
				GCC_C_LANGUAGE_STANDARD = gnu11;
				GCC_NO_COMMON_BLOCKS = YES;
				GCC_WARN_64_TO_32_BIT_CONVERSION = YES;
				GCC_WARN_ABOUT_RETURN_TYPE = YES_ERROR;
				GCC_WARN_UNDECLARED_SELECTOR = YES;
				GCC_WARN_UNINITIALIZED_AUTOS = YES_AGGRESSIVE;
				GCC_WARN_UNUSED_FUNCTION = YES;
				GCC_WARN_UNUSED_VARIABLE = YES;
				IPHONEOS_DEPLOYMENT_TARGET = 16.4;
				MTL_ENABLE_DEBUG_INFO = NO;
				MTL_FAST_MATH = YES;
				SDKROOT = iphoneos;
				SWIFT_COMPILATION_MODE = wholemodule;
				SWIFT_OPTIMIZATION_LEVEL = "-O";
				VALIDATE_PRODUCT = YES;
			};
			name = Release;
		};
		0085A50A2A26F6C000C4EDD0 /* Debug */ = {
			isa = XCBuildConfiguration;
			buildSettings = {
				ASSETCATALOG_COMPILER_APPICON_NAME = AppIcon;
				ASSETCATALOG_COMPILER_GLOBAL_ACCENT_COLOR_NAME = AccentColor;
				CODE_SIGN_STYLE = Automatic;
				CURRENT_PROJECT_VERSION = 1;
				DEVELOPMENT_ASSET_PATHS = "\"Animated/Preview Content\"";
				DEVELOPMENT_TEAM = 59B3SJ5FLH;
				ENABLE_PREVIEWS = YES;
				GENERATE_INFOPLIST_FILE = YES;
				INFOPLIST_FILE = Animated/Info.plist;
				INFOPLIST_KEY_UIApplicationSceneManifest_Generation = YES;
				INFOPLIST_KEY_UIApplicationSupportsIndirectInputEvents = YES;
				INFOPLIST_KEY_UILaunchScreen_Generation = YES;
				INFOPLIST_KEY_UISupportedInterfaceOrientations_iPad = "UIInterfaceOrientationPortrait UIInterfaceOrientationPortraitUpsideDown UIInterfaceOrientationLandscapeLeft UIInterfaceOrientationLandscapeRight";
				INFOPLIST_KEY_UISupportedInterfaceOrientations_iPhone = "UIInterfaceOrientationPortrait UIInterfaceOrientationLandscapeLeft UIInterfaceOrientationLandscapeRight";
				LD_RUNPATH_SEARCH_PATHS = (
					"$(inherited)",
					"@executable_path/Frameworks",
				);
				MARKETING_VERSION = 1.0;
				PRODUCT_BUNDLE_IDENTIFIER = co.danielsarkwa.Animated;
				PRODUCT_NAME = "$(TARGET_NAME)";
				SWIFT_EMIT_LOC_STRINGS = YES;
				SWIFT_VERSION = 5.0;
				TARGETED_DEVICE_FAMILY = "1,2";
			};
			name = Debug;
		};
		0085A50B2A26F6C000C4EDD0 /* Release */ = {
			isa = XCBuildConfiguration;
			buildSettings = {
				ASSETCATALOG_COMPILER_APPICON_NAME = AppIcon;
				ASSETCATALOG_COMPILER_GLOBAL_ACCENT_COLOR_NAME = AccentColor;
				CODE_SIGN_STYLE = Automatic;
				CURRENT_PROJECT_VERSION = 1;
				DEVELOPMENT_ASSET_PATHS = "\"Animated/Preview Content\"";
				DEVELOPMENT_TEAM = 59B3SJ5FLH;
				ENABLE_PREVIEWS = YES;
				GENERATE_INFOPLIST_FILE = YES;
				INFOPLIST_FILE = Animated/Info.plist;
				INFOPLIST_KEY_UIApplicationSceneManifest_Generation = YES;
				INFOPLIST_KEY_UIApplicationSupportsIndirectInputEvents = YES;
				INFOPLIST_KEY_UILaunchScreen_Generation = YES;
				INFOPLIST_KEY_UISupportedInterfaceOrientations_iPad = "UIInterfaceOrientationPortrait UIInterfaceOrientationPortraitUpsideDown UIInterfaceOrientationLandscapeLeft UIInterfaceOrientationLandscapeRight";
				INFOPLIST_KEY_UISupportedInterfaceOrientations_iPhone = "UIInterfaceOrientationPortrait UIInterfaceOrientationLandscapeLeft UIInterfaceOrientationLandscapeRight";
				LD_RUNPATH_SEARCH_PATHS = (
					"$(inherited)",
					"@executable_path/Frameworks",
				);
				MARKETING_VERSION = 1.0;
				PRODUCT_BUNDLE_IDENTIFIER = co.danielsarkwa.Animated;
				PRODUCT_NAME = "$(TARGET_NAME)";
				SWIFT_EMIT_LOC_STRINGS = YES;
				SWIFT_VERSION = 5.0;
				TARGETED_DEVICE_FAMILY = "1,2";
			};
			name = Release;
		};
/* End XCBuildConfiguration section */

/* Begin XCConfigurationList section */
		0085A4F62A26F6BF00C4EDD0 /* Build configuration list for PBXProject "Animated" */ = {
			isa = XCConfigurationList;
			buildConfigurations = (
				0085A5072A26F6C000C4EDD0 /* Debug */,
				0085A5082A26F6C000C4EDD0 /* Release */,
			);
			defaultConfigurationIsVisible = 0;
			defaultConfigurationName = Release;
		};
		0085A5092A26F6C000C4EDD0 /* Build configuration list for PBXNativeTarget "Animated" */ = {
			isa = XCConfigurationList;
			buildConfigurations = (
				0085A50A2A26F6C000C4EDD0 /* Debug */,
				0085A50B2A26F6C000C4EDD0 /* Release */,
			);
			defaultConfigurationIsVisible = 0;
			defaultConfigurationName = Release;
		};
/* End XCConfigurationList section */

/* Begin XCRemoteSwiftPackageReference section */
		0085A51B2A26FA5500C4EDD0 /* XCRemoteSwiftPackageReference "rive-ios" */ = {
			isa = XCRemoteSwiftPackageReference;
			repositoryURL = "https://github.com/rive-app/rive-ios.git";
			requirement = {
				kind = upToNextMajorVersion;
				minimumVersion = 4.0.0;
			};
		};
/* End XCRemoteSwiftPackageReference section */

/* Begin XCSwiftPackageProductDependency section */
		0085A51C2A26FA5600C4EDD0 /* RiveRuntime */ = {
			isa = XCSwiftPackageProductDependency;
			package = 0085A51B2A26FA5500C4EDD0 /* XCRemoteSwiftPackageReference "rive-ios" */;
			productName = RiveRuntime;
		};
/* End XCSwiftPackageProductDependency section */
	};
	rootObject = 0085A4F32A26F6BF00C4EDD0 /* Project object */;
}
